schema: '2.0'
stages:
  load_data:
    cmd: python src/load_data.py --config=params.yaml
    deps:
    - path: data_given/winequality.csv
      md5: ccc8d3507eb151f53f760d36abdef888
      size: 91998
    - path: src/get_data.py
      md5: 8abc2eadeba4809279cbe0ce59dc50a4
      size: 690
    - path: src/load_data.py
      md5: a1e79ada7e3f1ce4f3bfb03010a19558
      size: 675
    outs:
    - path: data/raw/winequality.csv
      md5: d98e8f2eca228c11c4de1cc96866a54d
      size: 93598
